
Microsoft Visual Studio Solution File, Format Version 12.00
# Visual Studio Version 17
VisualStudioVersion = 17.13.35806.99
MinimumVisualStudioVersion = 10.0.40219.1
Project("{8BC9CEB8-8B4A-11D0-8D11-00A0C91BC942}") = "001_불 자료형", "001_불 자료형\001_불 자료형.vcxproj", "{F9F70A11-AD3D-450A-9213-63269CA73B21}"
EndProject
Project("{8BC9CEB8-8B4A-11D0-8D11-00A0C91BC942}") = "002_2D 게임", "002_2D 게임\002_2D 게임.vcxproj", "{2530B1B4-F5ED-4931-8592-0239576DA562}"
EndProject
Project("{8BC9CEB8-8B4A-11D0-8D11-00A0C91BC942}") = "003_소수 판별", "003_소수 판별\003_소수 판별.vcxproj", "{B6F634AE-2A3B-4B12-9D34-B1D62F3F7EC8}"
EndProject
Project("{8BC9CEB8-8B4A-11D0-8D11-00A0C91BC942}") = "004_ANSI ESCAPE", "004_ANSI ESCAPE\004_ANSI ESCAPE.vcxproj", "{BD358EBD-1606-41E9-AF6A-C62938379B28}"
EndProject
Project("{8BC9CEB8-8B4A-11D0-8D11-00A0C91BC942}") = "005_", "005_\005_.vcxproj", "{C65FF704-E490-406D-B843-8D24CB8BDF54}"
EndProject
Project("{8BC9CEB8-8B4A-11D0-8D11-00A0C91BC942}") = "006_", "006_\006_.vcxproj", "{2E408A86-CE80-4E92-97B2-8866FBCB8DCD}"
EndProject
Project("{8BC9CEB8-8B4A-11D0-8D11-00A0C91BC942}") = "007_", "007_\007_.vcxproj", "{ECBF3BDE-69A3-4806-8D8F-1801FBDC4437}"
EndProject
Project("{8BC9CEB8-8B4A-11D0-8D11-00A0C91BC942}") = "008_", "008_\008_.vcxproj", "{3FFBDBFD-BD05-4588-A096-E1651AF2DD51}"
EndProject
Global
	GlobalSection(SolutionConfigurationPlatforms) = preSolution
		Debug|x64 = Debug|x64
		Debug|x86 = Debug|x86
		Release|x64 = Release|x64
		Release|x86 = Release|x86
	EndGlobalSection
	GlobalSection(ProjectConfigurationPlatforms) = postSolution
		{F9F70A11-AD3D-450A-9213-63269CA73B21}.Debug|x64.ActiveCfg = Debug|x64
		{F9F70A11-AD3D-450A-9213-63269CA73B21}.Debug|x64.Build.0 = Debug|x64
		{F9F70A11-AD3D-450A-9213-63269CA73B21}.Debug|x86.ActiveCfg = Debug|Win32
		{F9F70A11-AD3D-450A-9213-63269CA73B21}.Debug|x86.Build.0 = Debug|Win32
		{F9F70A11-AD3D-450A-9213-63269CA73B21}.Release|x64.ActiveCfg = Release|x64
		{F9F70A11-AD3D-450A-9213-63269CA73B21}.Release|x64.Build.0 = Release|x64
		{F9F70A11-AD3D-450A-9213-63269CA73B21}.Release|x86.ActiveCfg = Release|Win32
		{F9F70A11-AD3D-450A-9213-63269CA73B21}.Release|x86.Build.0 = Release|Win32
		{2530B1B4-F5ED-4931-8592-0239576DA562}.Debug|x64.ActiveCfg = Debug|x64
		{2530B1B4-F5ED-4931-8592-0239576DA562}.Debug|x64.Build.0 = Debug|x64
		{2530B1B4-F5ED-4931-8592-0239576DA562}.Debug|x86.ActiveCfg = Debug|Win32
		{2530B1B4-F5ED-4931-8592-0239576DA562}.Debug|x86.Build.0 = Debug|Win32
		{2530B1B4-F5ED-4931-8592-0239576DA562}.Release|x64.ActiveCfg = Release|x64
		{2530B1B4-F5ED-4931-8592-0239576DA562}.Release|x64.Build.0 = Release|x64
		{2530B1B4-F5ED-4931-8592-0239576DA562}.Release|x86.ActiveCfg = Release|Win32
		{2530B1B4-F5ED-4931-8592-0239576DA562}.Release|x86.Build.0 = Release|Win32
		{B6F634AE-2A3B-4B12-9D34-B1D62F3F7EC8}.Debug|x64.ActiveCfg = Debug|x64
		{B6F634AE-2A3B-4B12-9D34-B1D62F3F7EC8}.Debug|x64.Build.0 = Debug|x64
		{B6F634AE-2A3B-4B12-9D34-B1D62F3F7EC8}.Debug|x86.ActiveCfg = Debug|Win32
		{B6F634AE-2A3B-4B12-9D34-B1D62F3F7EC8}.Debug|x86.Build.0 = Debug|Win32
		{B6F634AE-2A3B-4B12-9D34-B1D62F3F7EC8}.Release|x64.ActiveCfg = Release|x64
		{B6F634AE-2A3B-4B12-9D34-B1D62F3F7EC8}.Release|x64.Build.0 = Release|x64
		{B6F634AE-2A3B-4B12-9D34-B1D62F3F7EC8}.Release|x86.ActiveCfg = Release|Win32
		{B6F634AE-2A3B-4B12-9D34-B1D62F3F7EC8}.Release|x86.Build.0 = Release|Win32
		{BD358EBD-1606-41E9-AF6A-C62938379B28}.Debug|x64.ActiveCfg = Debug|x64
		{BD358EBD-1606-41E9-AF6A-C62938379B28}.Debug|x64.Build.0 = Debug|x64
		{BD358EBD-1606-41E9-AF6A-C62938379B28}.Debug|x86.ActiveCfg = Debug|Win32
		{BD358EBD-1606-41E9-AF6A-C62938379B28}.Debug|x86.Build.0 = Debug|Win32
		{BD358EBD-1606-41E9-AF6A-C62938379B28}.Release|x64.ActiveCfg = Release|x64
		{BD358EBD-1606-41E9-AF6A-C62938379B28}.Release|x64.Build.0 = Release|x64
		{BD358EBD-1606-41E9-AF6A-C62938379B28}.Release|x86.ActiveCfg = Release|Win32
		{BD358EBD-1606-41E9-AF6A-C62938379B28}.Release|x86.Build.0 = Release|Win32
		{C65FF704-E490-406D-B843-8D24CB8BDF54}.Debug|x64.ActiveCfg = Debug|x64
		{C65FF704-E490-406D-B843-8D24CB8BDF54}.Debug|x64.Build.0 = Debug|x64
		{C65FF704-E490-406D-B843-8D24CB8BDF54}.Debug|x86.ActiveCfg = Debug|Win32
		{C65FF704-E490-406D-B843-8D24CB8BDF54}.Debug|x86.Build.0 = Debug|Win32
		{C65FF704-E490-406D-B843-8D24CB8BDF54}.Release|x64.ActiveCfg = Release|x64
		{C65FF704-E490-406D-B843-8D24CB8BDF54}.Release|x64.Build.0 = Release|x64
		{C65FF704-E490-406D-B843-8D24CB8BDF54}.Release|x86.ActiveCfg = Release|Win32
		{C65FF704-E490-406D-B843-8D24CB8BDF54}.Release|x86.Build.0 = Release|Win32
		{2E408A86-CE80-4E92-97B2-8866FBCB8DCD}.Debug|x64.ActiveCfg = Debug|x64
		{2E408A86-CE80-4E92-97B2-8866FBCB8DCD}.Debug|x64.Build.0 = Debug|x64
		{2E408A86-CE80-4E92-97B2-8866FBCB8DCD}.Debug|x86.ActiveCfg = Debug|Win32
		{2E408A86-CE80-4E92-97B2-8866FBCB8DCD}.Debug|x86.Build.0 = Debug|Win32
		{2E408A86-CE80-4E92-97B2-8866FBCB8DCD}.Release|x64.ActiveCfg = Release|x64
		{2E408A86-CE80-4E92-97B2-8866FBCB8DCD}.Release|x64.Build.0 = Release|x64
		{2E408A86-CE80-4E92-97B2-8866FBCB8DCD}.Release|x86.ActiveCfg = Release|Win32
		{2E408A86-CE80-4E92-97B2-8866FBCB8DCD}.Release|x86.Build.0 = Release|Win32
		{ECBF3BDE-69A3-4806-8D8F-1801FBDC4437}.Debug|x64.ActiveCfg = Debug|x64
		{ECBF3BDE-69A3-4806-8D8F-1801FBDC4437}.Debug|x64.Build.0 = Debug|x64
		{ECBF3BDE-69A3-4806-8D8F-1801FBDC4437}.Debug|x86.ActiveCfg = Debug|Win32
		{ECBF3BDE-69A3-4806-8D8F-1801FBDC4437}.Debug|x86.Build.0 = Debug|Win32
		{ECBF3BDE-69A3-4806-8D8F-1801FBDC4437}.Release|x64.ActiveCfg = Release|x64
		{ECBF3BDE-69A3-4806-8D8F-1801FBDC4437}.Release|x64.Build.0 = Release|x64
		{ECBF3BDE-69A3-4806-8D8F-1801FBDC4437}.Release|x86.ActiveCfg = Release|Win32
		{ECBF3BDE-69A3-4806-8D8F-1801FBDC4437}.Release|x86.Build.0 = Release|Win32
		{3FFBDBFD-BD05-4588-A096-E1651AF2DD51}.Debug|x64.ActiveCfg = Debug|x64
		{3FFBDBFD-BD05-4588-A096-E1651AF2DD51}.Debug|x64.Build.0 = Debug|x64
		{3FFBDBFD-BD05-4588-A096-E1651AF2DD51}.Debug|x86.ActiveCfg = Debug|Win32
		{3FFBDBFD-BD05-4588-A096-E1651AF2DD51}.Debug|x86.Build.0 = Debug|Win32
		{3FFBDBFD-BD05-4588-A096-E1651AF2DD51}.Release|x64.ActiveCfg = Release|x64
		{3FFBDBFD-BD05-4588-A096-E1651AF2DD51}.Release|x64.Build.0 = Release|x64
		{3FFBDBFD-BD05-4588-A096-E1651AF2DD51}.Release|x86.ActiveCfg = Release|Win32
		{3FFBDBFD-BD05-4588-A096-E1651AF2DD51}.Release|x86.Build.0 = Release|Win32
	EndGlobalSection
	GlobalSection(SolutionProperties) = preSolution
		HideSolutionNode = FALSE
	EndGlobalSection
	GlobalSection(ExtensibilityGlobals) = postSolution
		SolutionGuid = {AD156FF0-078F-40F4-8EE6-1635BCE7F250}
	EndGlobalSection
EndGlobal
